// !$*UTF8*$!
{
	archiveVersion = 1;
	classes = {
	};
	objectVersion = 46;
	objects = {

/* Begin PBXBuildFile section */
		CEA0F6D81A5C30ED004FC7DC /* main.m in Sources */ = {isa = PBXBuildFile; fileRef = CEA0F6D71A5C30ED004FC7DC /* main.m */; };
		CEA0F6DB1A5C30ED004FC7DC /* AppDelegate.m in Sources */ = {isa = PBXBuildFile; fileRef = CEA0F6DA1A5C30ED004FC7DC /* AppDelegate.m */; };
		CEA0F6DE1A5C30ED004FC7DC /* ViewController.m in Sources */ = {isa = PBXBuildFile; fileRef = CEA0F6DD1A5C30ED004FC7DC /* ViewController.m */; };
		CEA0F6E11A5C30ED004FC7DC /* Main.storyboard in Resources */ = {isa = PBXBuildFile; fileRef = CEA0F6DF1A5C30ED004FC7DC /* Main.storyboard */; };
		CEA0F6E31A5C30ED004FC7DC /* Images.xcassets in Resources */ = {isa = PBXBuildFile; fileRef = CEA0F6E21A5C30ED004FC7DC /* Images.xcassets */; };
		CEA0F6E61A5C30ED004FC7DC /* LaunchScreen.xib in Resources */ = {isa = PBXBuildFile; fileRef = CEA0F6E41A5C30ED004FC7DC /* LaunchScreen.xib */; };
		CEA0F6F21A5C30EE004FC7DC /* CoffeeAppTests.m in Sources */ = {isa = PBXBuildFile; fileRef = CEA0F6F11A5C30EE004FC7DC /* CoffeeAppTests.m */; };
/* End PBXBuildFile section */

/* Begin PBXContainerItemProxy section */
		CEA0F6EC1A5C30EE004FC7DC /* PBXContainerItemProxy */ = {
			isa = PBXContainerItemProxy;
			containerPortal = CEA0F6CA1A5C30ED004FC7DC /* Project object */;
			proxyType = 1;
			remoteGlobalIDString = CEA0F6D11A5C30ED004FC7DC;
			remoteInfo = CoffeeApp;
		};
/* End PBXContainerItemProxy section */

/* Begin PBXFileReference section */
		CEA0F6D21A5C30ED004FC7DC /* CoffeeApp.app */ = {isa = PBXFileReference; explicitFileType = wrapper.application; includeInIndex = 0; path = CoffeeApp.app; sourceTree = BUILT_PRODUCTS_DIR; };
		CEA0F6D61A5C30ED004FC7DC /* Info.plist */ = {isa = PBXFileReference; lastKnownFileType = text.plist.xml; path = Info.plist; sourceTree = "<group>"; };
		CEA0F6D71A5C30ED004FC7DC /* main.m */ = {isa = PBXFileReference; lastKnownFileType = sourcecode.c.objc; path = main.m; sourceTree = "<group>"; };
		CEA0F6D91A5C30ED004FC7DC /* AppDelegate.h */ = {isa = PBXFileReference; lastKnownFileType = sourcecode.c.h; path = AppDelegate.h; sourceTree = "<group>"; };
		CEA0F6DA1A5C30ED004FC7DC /* AppDelegate.m */ = {isa = PBXFileReference; lastKnownFileType = sourcecode.c.objc; path = AppDelegate.m; sourceTree = "<group>"; };
		CEA0F6DC1A5C30ED004FC7DC /* ViewController.h */ = {isa = PBXFileReference; lastKnownFileType = sourcecode.c.h; path = ViewController.h; sourceTree = "<group>"; };
		CEA0F6DD1A5C30ED004FC7DC /* ViewController.m */ = {isa = PBXFileReference; lastKnownFileType = sourcecode.c.objc; path = ViewController.m; sourceTree = "<group>"; };
		CEA0F6E01A5C30ED004FC7DC /* Base */ = {isa = PBXFileReference; lastKnownFileType = file.storyboard; name = Base; path = Base.lproj/Main.storyboard; sourceTree = "<group>"; };
		CEA0F6E21A5C30ED004FC7DC /* Images.xcassets */ = {isa = PBXFileReference; lastKnownFileType = folder.assetcatalog; path = Images.xcassets; sourceTree = "<group>"; };
		CEA0F6E51A5C30ED004FC7DC /* Base */ = {isa = PBXFileReference; lastKnownFileType = file.xib; name = Base; path = Base.lproj/LaunchScreen.xib; sourceTree = "<group>"; };
		CEA0F6EB1A5C30EE004FC7DC /* CoffeeAppTests.xctest */ = {isa = PBXFileReference; explicitFileType = wrapper.cfbundle; includeInIndex = 0; path = CoffeeAppTests.xctest; sourceTree = BUILT_PRODUCTS_DIR; };
		CEA0F6F01A5C30EE004FC7DC /* Info.plist */ = {isa = PBXFileReference; lastKnownFileType = text.plist.xml; path = Info.plist; sourceTree = "<group>"; };
		CEA0F6F11A5C30EE004FC7DC /* CoffeeAppTests.m */ = {isa = PBXFileReference; lastKnownFileType = sourcecode.c.objc; path = CoffeeAppTests.m; sourceTree = "<group>"; };
/* End PBXFileReference section */

/* Begin PBXFrameworksBuildPhase section */
		CEA0F6CF1A5C30ED004FC7DC /* Frameworks */ = {
			isa = PBXFrameworksBuildPhase;
			buildActionMask = 2147483647;
			files = (
			);
			runOnlyForDeploymentPostprocessing = 0;
		};
		CEA0F6E81A5C30EE004FC7DC /* Frameworks */ = {
			isa = PBXFrameworksBuildPhase;
			buildActionMask = 2147483647;
			files = (
			);
			runOnlyForDeploymentPostprocessing = 0;
		};
/* End PBXFrameworksBuildPhase section */

/* Begin PBXGroup section */
		CEA0F6C91A5C30ED004FC7DC = {
			isa = PBXGroup;
			children = (
				CEA0F6D41A5C30ED004FC7DC /* CoffeeApp */,
				CEA0F6EE1A5C30EE004FC7DC /* CoffeeAppTests */,
				CEA0F6D31A5C30ED004FC7DC /* Products */,
			);
			sourceTree = "<group>";
		};
		CEA0F6D31A5C30ED004FC7DC /* Products */ = {
			isa = PBXGroup;
			children = (
				CEA0F6D21A5C30ED004FC7DC /* CoffeeApp.app */,
				CEA0F6EB1A5C30EE004FC7DC /* CoffeeAppTests.xctest */,
			);
			name = Products;
			sourceTree = "<group>";
		};
		CEA0F6D41A5C30ED004FC7DC /* CoffeeApp */ = {
			isa = PBXGroup;
			children = (
				CEA0F6D91A5C30ED004FC7DC /* AppDelegate.h */,
				CEA0F6DA1A5C30ED004FC7DC /* AppDelegate.m */,
				CEA0F6DC1A5C30ED004FC7DC /* ViewController.h */,
				CEA0F6DD1A5C30ED004FC7DC /* ViewController.m */,
				CEA0F6DF1A5C30ED004FC7DC /* Main.storyboard */,
				CEA0F6E21A5C30ED004FC7DC /* Images.xcassets */,
				CEA0F6E41A5C30ED004FC7DC /* LaunchScreen.xib */,
				CEA0F6D51A5C30ED004FC7DC /* Supporting Files */,
			);
			path = CoffeeApp;
			sourceTree = "<group>";
		};
		CEA0F6D51A5C30ED004FC7DC /* Supporting Files */ = {
			isa = PBXGroup;
			children = (
				CEA0F6D61A5C30ED004FC7DC /* Info.plist */,
				CEA0F6D71A5C30ED004FC7DC /* main.m */,
			);
			name = "Supporting Files";
			sourceTree = "<group>";
		};
		CEA0F6EE1A5C30EE004FC7DC /* CoffeeAppTests */ = {
			isa = PBXGroup;
			children = (
				CEA0F6F11A5C30EE004FC7DC /* CoffeeAppTests.m */,
				CEA0F6EF1A5C30EE004FC7DC /* Supporting Files */,
			);
			path = CoffeeAppTests;
			sourceTree = "<group>";
		};
		CEA0F6EF1A5C30EE004FC7DC /* Supporting Files */ = {
			isa = PBXGroup;
			children = (
				CEA0F6F01A5C30EE004FC7DC /* Info.plist */,
			);
			name = "Supporting Files";
			sourceTree = "<group>";
		};
/* End PBXGroup section */

/* Begin PBXNativeTarget section */
		CEA0F6D11A5C30ED004FC7DC /* CoffeeApp */ = {
			isa = PBXNativeTarget;
			buildConfigurationList = CEA0F6F51A5C30EE004FC7DC /* Build configuration list for PBXNativeTarget "CoffeeApp" */;
			buildPhases = (
				CEA0F6CE1A5C30ED004FC7DC /* Sources */,
				CEA0F6CF1A5C30ED004FC7DC /* Frameworks */,
				CEA0F6D01A5C30ED004FC7DC /* Resources */,
			);
			buildRules = (
			);
			dependencies = (
			);
			name = CoffeeApp;
			productName = CoffeeApp;
			productReference = CEA0F6D21A5C30ED004FC7DC /* CoffeeApp.app */;
			productType = "com.apple.product-type.application";
		};
		CEA0F6EA1A5C30EE004FC7DC /* CoffeeAppTests */ = {
			isa = PBXNativeTarget;
			buildConfigurationList = CEA0F6F81A5C30EE004FC7DC /* Build configuration list for PBXNativeTarget "CoffeeAppTests" */;
			buildPhases = (
				CEA0F6E71A5C30EE004FC7DC /* Sources */,
				CEA0F6E81A5C30EE004FC7DC /* Frameworks */,
				CEA0F6E91A5C30EE004FC7DC /* Resources */,
			);
			buildRules = (
			);
			dependencies = (
				CEA0F6ED1A5C30EE004FC7DC /* PBXTargetDependency */,
			);
			name = CoffeeAppTests;
			productName = CoffeeAppTests;
			productReference = CEA0F6EB1A5C30EE004FC7DC /* CoffeeAppTests.xctest */;
			productType = "com.apple.product-type.bundle.unit-test";
		};
/* End PBXNativeTarget section */

/* Begin PBXProject section */
		CEA0F6CA1A5C30ED004FC7DC /* Project object */ = {
			isa = PBXProject;
			attributes = {
				LastUpgradeCheck = 0620;
				ORGANIZATIONNAME = "Neutun Labs";
				TargetAttributes = {
					CEA0F6D11A5C30ED004FC7DC = {
						CreatedOnToolsVersion = 6.2;
					};
					CEA0F6EA1A5C30EE004FC7DC = {
						CreatedOnToolsVersion = 6.2;
						TestTargetID = CEA0F6D11A5C30ED004FC7DC;
					};
				};
			};
			buildConfigurationList = CEA0F6CD1A5C30ED004FC7DC /* Build configuration list for PBXProject "CoffeeApp" */;
			compatibilityVersion = "Xcode 3.2";
			developmentRegion = English;
			hasScannedForEncodings = 0;
			knownRegions = (
				en,
				Base,
			);
			mainGroup = CEA0F6C91A5C30ED004FC7DC;
			productRefGroup = CEA0F6D31A5C30ED004FC7DC /* Products */;
			projectDirPath = "";
			projectRoot = "";
			targets = (
				CEA0F6D11A5C30ED004FC7DC /* CoffeeApp */,
				CEA0F6EA1A5C30EE004FC7DC /* CoffeeAppTests */,
			);
		};
/* End PBXProject section */

/* Begin PBXResourcesBuildPhase section */
		CEA0F6D01A5C30ED004FC7DC /* Resources */ = {
			isa = PBXResourcesBuildPhase;
			buildActionMask = 2147483647;
			files = (
				CEA0F6E11A5C30ED004FC7DC /* Main.storyboard in Resources */,
				CEA0F6E61A5C30ED004FC7DC /* LaunchScreen.xib in Resources */,
				CEA0F6E31A5C30ED004FC7DC /* Images.xcassets in Resources */,
			);
			runOnlyForDeploymentPostprocessing = 0;
		};
		CEA0F6E91A5C30EE004FC7DC /* Resources */ = {
			isa = PBXResourcesBuildPhase;
			buildActionMask = 2147483647;
			files = (
			);
			runOnlyForDeploymentPostprocessing = 0;
		};
/* End PBXResourcesBuildPhase section */

/* Begin PBXSourcesBuildPhase section */
		CEA0F6CE1A5C30ED004FC7DC /* Sources */ = {
			isa = PBXSourcesBuildPhase;
			buildActionMask = 2147483647;
			files = (
				CEA0F6DE1A5C30ED004FC7DC /* ViewController.m in Sources */,
				CEA0F6DB1A5C30ED004FC7DC /* AppDelegate.m in Sources */,
				CEA0F6D81A5C30ED004FC7DC /* main.m in Sources */,
			);
			runOnlyForDeploymentPostprocessing = 0;
		};
		CEA0F6E71A5C30EE004FC7DC /* Sources */ = {
			isa = PBXSourcesBuildPhase;
			buildActionMask = 2147483647;
			files = (
				CEA0F6F21A5C30EE004FC7DC /* CoffeeAppTests.m in Sources */,
			);
			runOnlyForDeploymentPostprocessing = 0;
		};
/* End PBXSourcesBuildPhase section */

/* Begin PBXTargetDependency section */
		CEA0F6ED1A5C30EE004FC7DC /* PBXTargetDependency */ = {
			isa = PBXTargetDependency;
			target = CEA0F6D11A5C30ED004FC7DC /* CoffeeApp */;
			targetProxy = CEA0F6EC1A5C30EE004FC7DC /* PBXContainerItemProxy */;
		};
/* End PBXTargetDependency section */

/* Begin PBXVariantGroup section */
		CEA0F6DF1A5C30ED004FC7DC /* Main.storyboard */ = {
			isa = PBXVariantGroup;
			children = (
				CEA0F6E01A5C30ED004FC7DC /* Base */,
			);
			name = Main.storyboard;
			sourceTree = "<group>";
		};
		CEA0F6E41A5C30ED004FC7DC /* LaunchScreen.xib */ = {
			isa = PBXVariantGroup;
			children = (
				CEA0F6E51A5C30ED004FC7DC /* Base */,
			);
			name = LaunchScreen.xib;
			sourceTree = "<group>";
		};
/* End PBXVariantGroup section */

/* Begin XCBuildConfiguration section */
		CEA0F6F31A5C30EE004FC7DC /* Debug */ = {
			isa = XCBuildConfiguration;
			buildSettings = {
				ALWAYS_SEARCH_USER_PATHS = NO;
				CLANG_CXX_LANGUAGE_STANDARD = "gnu++0x";
				CLANG_CXX_LIBRARY = "libc++";
				CLANG_ENABLE_MODULES = YES;
				CLANG_ENABLE_OBJC_ARC = YES;
				CLANG_WARN_BOOL_CONVERSION = YES;
				CLANG_WARN_CONSTANT_CONVERSION = YES;
				CLANG_WARN_DIRECT_OBJC_ISA_USAGE = YES_ERROR;
				CLANG_WARN_EMPTY_BODY = YES;
				CLANG_WARN_ENUM_CONVERSION = YES;
				CLANG_WARN_INT_CONVERSION = YES;
				CLANG_WARN_OBJC_ROOT_CLASS = YES_ERROR;
				CLANG_WARN_UNREACHABLE_CODE = YES;
				CLANG_WARN__DUPLICATE_METHOD_MATCH = YES;
				"CODE_SIGN_IDENTITY[sdk=iphoneos*]" = "iPhone Developer";
				COPY_PHASE_STRIP = NO;
				ENABLE_STRICT_OBJC_MSGSEND = YES;
				GCC_C_LANGUAGE_STANDARD = gnu99;
				GCC_DYNAMIC_NO_PIC = NO;
				GCC_OPTIMIZATION_LEVEL = 0;
				GCC_PREPROCESSOR_DEFINITIONS = (
					"DEBUG=1",
					"$(inherited)",
				);
				GCC_SYMBOLS_PRIVATE_EXTERN = NO;
				GCC_WARN_64_TO_32_BIT_CONVERSION = YES;
				GCC_WARN_ABOUT_RETURN_TYPE = YES_ERROR;
				GCC_WARN_UNDECLARED_SELECTOR = YES;
				GCC_WARN_UNINITIALIZED_AUTOS = YES_AGGRESSIVE;
				GCC_WARN_UNUSED_FUNCTION = YES;
				GCC_WARN_UNUSED_VARIABLE = YES;
				IPHONEOS_DEPLOYMENT_TARGET = 8.2;
				MTL_ENABLE_DEBUG_INFO = YES;
				ONLY_ACTIVE_ARCH = YES;
				SDKROOT = iphoneos;
			};
			name = Debug;
		};
		CEA0F6F41A5C30EE004FC7DC /* Release */ = {
			isa = XCBuildConfiguration;
			buildSettings = {
				ALWAYS_SEARCH_USER_PATHS = NO;
				CLANG_CXX_LANGUAGE_STANDARD = "gnu++0x";
				CLANG_CXX_LIBRARY = "libc++";
				CLANG_ENABLE_MODULES = YES;
				CLANG_ENABLE_OBJC_ARC = YES;
				CLANG_WARN_BOOL_CONVERSION = YES;
				CLANG_WARN_CONSTANT_CONVERSION = YES;
				CLANG_WARN_DIRECT_OBJC_ISA_USAGE = YES_ERROR;
				CLANG_WARN_EMPTY_BODY = YES;
				CLANG_WARN_ENUM_CONVERSION = YES;
				CLANG_WARN_INT_CONVERSION = YES;
				CLANG_WARN_OBJC_ROOT_CLASS = YES_ERROR;
				CLANG_WARN_UNREACHABLE_CODE = YES;
				CLANG_WARN__DUPLICATE_METHOD_MATCH = YES;
				"CODE_SIGN_IDENTITY[sdk=iphoneos*]" = "iPhone Developer";
				COPY_PHASE_STRIP = NO;
				ENABLE_NS_ASSERTIONS = NO;
				ENABLE_STRICT_OBJC_MSGSEND = YES;
				GCC_C_LANGUAGE_STANDARD = gnu99;
				GCC_WARN_64_TO_32_BIT_CONVERSION = YES;
				GCC_WARN_ABOUT_RETURN_TYPE = YES_ERROR;
				GCC_WARN_UNDECLARED_SELECTOR = YES;
				GCC_WARN_UNINITIALIZED_AUTOS = YES_AGGRESSIVE;
				GCC_WARN_UNUSED_FUNCTION = YES;
				GCC_WARN_UNUSED_VARIABLE = YES;
				IPHONEOS_DEPLOYMENT_TARGET = 8.2;
				MTL_ENABLE_DEBUG_INFO = NO;
				SDKROOT = iphoneos;
				VALIDATE_PRODUCT = YES;
			};
			name = Release;
		};
		CEA0F6F61A5C30EE004FC7DC /* Debug */ = {
			isa = XCBuildConfiguration;
			buildSettings = {
				ASSETCATALOG_COMPILER_APPICON_NAME = AppIcon;
				INFOPLIST_FILE = CoffeeApp/Info.plist;
				IPHONEOS_DEPLOYMENT_TARGET = 7.1;
				LD_RUNPATH_SEARCH_PATHS = "$(inherited) @executable_path/Frameworks";
				PRODUCT_NAME = "$(TARGET_NAME)";
			};
			name = Debug;
		};
		CEA0F6F71A5C30EE004FC7DC /* Release */ = {
			isa = XCBuildConfiguration;
			buildSettings = {
				ASSETCATALOG_COMPILER_APPICON_NAME = AppIcon;
				INFOPLIST_FILE = CoffeeApp/Info.plist;
				IPHONEOS_DEPLOYMENT_TARGET = 7.1;
				LD_RUNPATH_SEARCH_PATHS = "$(inherited) @executable_path/Frameworks";
				PRODUCT_NAME = "$(TARGET_NAME)";
			};
			name = Release;
		};
		CEA0F6F91A5C30EE004FC7DC /* Debug */ = {
			isa = XCBuildConfiguration;
			buildSettings = {
				BUNDLE_LOADER = "$(TEST_HOST)";
				FRAMEWORK_SEARCH_PATHS = (
					"$(SDKROOT)/Developer/Library/Frameworks",
					"$(inherited)",
				);
				GCC_PREPROCESSOR_DEFINITIONS = (
					"DEBUG=1",
					"$(inherited)",
				);
				INFOPLIST_FILE = CoffeeAppTests/Info.plist;
				LD_RUNPATH_SEARCH_PATHS = "$(inherited) @executable_path/Frameworks @loader_path/Frameworks";
				PRODUCT_NAME = "$(TARGET_NAME)";
				TEST_HOST = "$(BUILT_PRODUCTS_DIR)/CoffeeApp.app/CoffeeApp";
			};
			name = Debug;
		};
		CEA0F6FA1A5C30EE004FC7DC /* Release */ = {
			isa = XCBuildConfiguration;
			buildSettings = {
				BUNDLE_LOADER = "$(TEST_HOST)";
				FRAMEWORK_SEARCH_PATHS = (
					"$(SDKROOT)/Developer/Library/Frameworks",
					"$(inherited)",
				);
				INFOPLIST_FILE = CoffeeAppTests/Info.plist;
				LD_RUNPATH_SEARCH_PATHS = "$(inherited) @executable_path/Frameworks @loader_path/Frameworks";
				PRODUCT_NAME = "$(TARGET_NAME)";
				TEST_HOST = "$(BUILT_PRODUCTS_DIR)/CoffeeApp.app/CoffeeApp";
			};
			name = Release;
		};
/* End XCBuildConfiguration section */

/* Begin XCConfigurationList section */
		CEA0F6CD1A5C30ED004FC7DC /* Build configuration list for PBXProject "CoffeeApp" */ = {
			isa = XCConfigurationList;
			buildConfigurations = (
				CEA0F6F31A5C30EE004FC7DC /* Debug */,
				CEA0F6F41A5C30EE004FC7DC /* Release */,
			);
			defaultConfigurationIsVisible = 0;
			defaultConfigurationName = Release;
		};
		CEA0F6F51A5C30EE004FC7DC /* Build configuration list for PBXNativeTarget "CoffeeApp" */ = {
			isa = XCConfigurationList;
			buildConfigurations = (
				CEA0F6F61A5C30EE004FC7DC /* Debug */,
				CEA0F6F71A5C30EE004FC7DC /* Release */,
			);
			defaultConfigurationIsVisible = 0;
		};
		CEA0F6F81A5C30EE004FC7DC /* Build configuration list for PBXNativeTarget "CoffeeAppTests" */ = {
			isa = XCConfigurationList;
			buildConfigurations = (
				CEA0F6F91A5C30EE004FC7DC /* Debug */,
				CEA0F6FA1A5C30EE004FC7DC /* Release */,
			);
			defaultConfigurationIsVisible = 0;
		};
/* End XCConfigurationList section */
	};
	rootObject = CEA0F6CA1A5C30ED004FC7DC /* Project object */;
}
